{
  "meteor": {
    "git": "https://github.com/rollick/meteor.git",
    "branch": "shark-node-fix",
    "commit": "10a1b13805801ddacf9d6fbd1d1fef163f2e6d61"
  },
  "dependencies": {
    "basePackages": {
      "mixpanel": {
        "git": "https://github.com/spencern/meteor-mixpanel",
        "branch": "master"
      },
      "googlemaps": {}
    },
    "packages": {
      "mixpanel": {
        "git": "https://github.com/spencern/meteor-mixpanel",
        "branch": "master",
        "commit": "d3d33b5426f90d48e51fd5a824b5e3df0871434e"
      },
      "googlemaps": {
        "git": "https://github.com/drewjw81/meteor-googlemaps.git",
        "tag": "v0.0.2",
        "commit": "da8785c82cfd7de0111f898ef10728e7ed24e361"
      }
    }
  }
}
