{
  "meteor": {
    "git": "https://github.com/meteor/meteor.git",
    "branch": "shark",
    "commit": "5b017ece38bdac8704f228cc04f23ef55e5a0b7b"
  },
  "dependencies": {
    "basePackages": {
      "mixpanel": {
        "git": "https://github.com/spencern/meteor-mixpanel",
        "branch": "master"
      },
      "googlemaps": {},
      "smart-collections": {}
    },
    "packages": {
      "mixpanel": {
        "git": "https://github.com/spencern/meteor-mixpanel",
        "branch": "master",
        "commit": "d3d33b5426f90d48e51fd5a824b5e3df0871434e"
      },
      "googlemaps": {
        "git": "https://github.com/drewjw81/meteor-googlemaps.git",
        "tag": "v0.0.2",
        "commit": "da8785c82cfd7de0111f898ef10728e7ed24e361"
      },
      "smart-collections": {
        "git": "https://github.com/arunoda/meteor-smart-collections.git",
        "tag": "v0.3.26",
        "commit": "20e6412b276cdf6a55945002f0cae1ccb5122f40"
      }
    }
  }
}
