{
  "meteor": {
    "git": "https://github.com/meteor/meteor.git",
    "branch": "master",
    "commit": "1d3a840372a1d1db6e212d38621288b6cc42a1c7"
  },
  "dependencies": {
    "basePackages": {
      "mixpanel": {
        "git": "https://github.com/spencern/meteor-mixpanel",
        "branch": "master"
      },
      "googlemaps": {}
    },
    "packages": {
      "mixpanel": {
        "git": "https://github.com/spencern/meteor-mixpanel",
        "branch": "master",
        "commit": "d3d33b5426f90d48e51fd5a824b5e3df0871434e"
      },
      "googlemaps": {
        "git": "https://github.com/drewjw81/meteor-googlemaps.git",
        "tag": "v0.0.2",
        "commit": "da8785c82cfd7de0111f898ef10728e7ed24e361"
      }
    }
  }
}
